
Microsoft Visual Studio Solution File, Format Version 12.00
# Visual Studio Version 16
VisualStudioVersion = 16.0.29709.97
MinimumVisualStudioVersion = 10.0.40219.1
Project("{FAE04EC0-301F-11D3-BF4B-00C04F79EFBC}") = "Selenium_Practice", "Selenium_Practice.csproj", "{B5CBA41B-D1ED-4C20-A77D-2EFF0C45CDB7}"
EndProject
Global
	GlobalSection(SolutionConfigurationPlatforms) = preSolution
		Debug|Any CPU = Debug|Any CPU
		Release|Any CPU = Release|Any CPU
	EndGlobalSection
	GlobalSection(ProjectConfigurationPlatforms) = postSolution
		{B5CBA41B-D1ED-4C20-A77D-2EFF0C45CDB7}.Debug|Any CPU.ActiveCfg = Debug|Any CPU
		{B5CBA41B-D1ED-4C20-A77D-2EFF0C45CDB7}.Debug|Any CPU.Build.0 = Debug|Any CPU
		{B5CBA41B-D1ED-4C20-A77D-2EFF0C45CDB7}.Release|Any CPU.ActiveCfg = Release|Any CPU
		{B5CBA41B-D1ED-4C20-A77D-2EFF0C45CDB7}.Release|Any CPU.Build.0 = Release|Any CPU
	EndGlobalSection
	GlobalSection(SolutionProperties) = preSolution
		HideSolutionNode = FALSE
	EndGlobalSection
	GlobalSection(ExtensibilityGlobals) = postSolution
		SolutionGuid = {8B35F488-919E-4D2E-9FE3-1FEC7A182998}
	EndGlobalSection
EndGlobal
